
Microsoft Visual Studio Solution File, Format Version 12.00
# Visual Studio Version 16
VisualStudioVersion = 16.0.30621.155
MinimumVisualStudioVersion = 10.0.40219.1
Project("{FAE04EC0-301F-11D3-BF4B-00C04F79EFBC}") = "ForgeRevitCameraSyncAddin", "ForgeRevitCameraSyncAddin\ForgeRevitCameraSyncAddin.csproj", "{B187D6A6-9644-46F6-9A5E-8EA14077906E}"
EndProject
Global
	GlobalSection(SolutionConfigurationPlatforms) = preSolution
		Debug|Any CPU = Debug|Any CPU
		Release|Any CPU = Release|Any CPU
	EndGlobalSection
	GlobalSection(ProjectConfigurationPlatforms) = postSolution
		{B187D6A6-9644-46F6-9A5E-8EA14077906E}.Debug|Any CPU.ActiveCfg = Debug|Any CPU
		{B187D6A6-9644-46F6-9A5E-8EA14077906E}.Debug|Any CPU.Build.0 = Debug|Any CPU
		{B187D6A6-9644-46F6-9A5E-8EA14077906E}.Release|Any CPU.ActiveCfg = Release|Any CPU
		{B187D6A6-9644-46F6-9A5E-8EA14077906E}.Release|Any CPU.Build.0 = Release|Any CPU
	EndGlobalSection
	GlobalSection(SolutionProperties) = preSolution
		HideSolutionNode = FALSE
	EndGlobalSection
	GlobalSection(ExtensibilityGlobals) = postSolution
		SolutionGuid = {5DB90EEE-E99F-4E2B-A9CD-4756E8704DD1}
	EndGlobalSection
EndGlobal
